
Microsoft Visual Studio Solution File, Format Version 12.00
# Visual Studio 15
VisualStudioVersion = 15.0.28307.902
MinimumVisualStudioVersion = 10.0.40219.1
Project("{FAE04EC0-301F-11D3-BF4B-00C04F79EFBC}") = "ウマ娘ウィンドウサイズ自動設定ツール", "ウマ娘ウィンドウサイズ自動設定ツール\ウマ娘ウィンドウサイズ自動設定ツール.csproj", "{A456C073-DF66-478D-92CA-3C04D8703014}"
EndProject
Global
    GlobalSection(SolutionConfigurationPlatforms) = preSolution
        Debug|Any CPU = Debug|Any CPU
        Release|Any CPU = Release|Any CPU
    EndGlobalSection
    GlobalSection(ProjectConfigurationPlatforms) = postSolution
        {A456C073-DF66-478D-92CA-3C04D8703014}.Debug|Any CPU.ActiveCfg = Debug|Any CPU
        {A456C073-DF66-478D-92CA-3C04D8703014}.Debug|Any CPU.Build.0 = Debug|Any CPU
        {A456C073-DF66-478D-92CA-3C04D8703014}.Release|Any CPU.ActiveCfg = Release|Any CPU
        {A456C073-DF66-478D-92CA-3C04D8703014}.Release|Any CPU.Build.0 = Release|Any CPU
    EndGlobalSection
    GlobalSection(SolutionProperties) = preSolution
        HideSolutionNode = FALSE
    EndGlobalSection
    GlobalSection(ExtensibilityGlobals) = postSolution
        SolutionGuid = {E7A5483F-BA1E-4E0A-A54B-3D16597B313D}
    EndGlobalSection
EndGlobal
